
Microsoft Visual Studio Solution File, Format Version 12.00
# Visual Studio Version 17
VisualStudioVersion = 17.11.35327.3
MinimumVisualStudioVersion = 10.0.40219.1
Project("{FAE04EC0-301F-11D3-BF4B-00C04F79EFBC}") = "Projet_complet", "Projet_complet\Projet_complet.csproj", "{40B2EC1B-5100-447F-B997-36CA108C600C}"
EndProject
Global
	GlobalSection(SolutionConfigurationPlatforms) = preSolution
		Debug|Any CPU = Debug|Any CPU
		Release|Any CPU = Release|Any CPU
	EndGlobalSection
	GlobalSection(ProjectConfigurationPlatforms) = postSolution
		{40B2EC1B-5100-447F-B997-36CA108C600C}.Debug|Any CPU.ActiveCfg = Debug|Any CPU
		{40B2EC1B-5100-447F-B997-36CA108C600C}.Debug|Any CPU.Build.0 = Debug|Any CPU
		{40B2EC1B-5100-447F-B997-36CA108C600C}.Release|Any CPU.ActiveCfg = Release|Any CPU
		{40B2EC1B-5100-447F-B997-36CA108C600C}.Release|Any CPU.Build.0 = Release|Any CPU
	EndGlobalSection
	GlobalSection(SolutionProperties) = preSolution
		HideSolutionNode = FALSE
	EndGlobalSection
	GlobalSection(ExtensibilityGlobals) = postSolution
		SolutionGuid = {E9982A25-125A-42B8-869F-D36EA98C9FAB}
	EndGlobalSection
EndGlobal
